{
  "version": 2,
  "dependencies": {
    "net10.0": {
      "Microsoft.NET.Test.Sdk": {
        "type": "Direct",
        "requested": "[17.12.0, )",
        "resolved": "17.12.0",
        "contentHash": "kt/PKBZ91rFCWxVIJZSgVLk+YR+4KxTuHf799ho8WNiK5ZQpJNAEZCAWX86vcKrs+DiYjiibpYKdGZP6+/N17w==",
        "dependencies": {
          "Microsoft.CodeCoverage": "17.12.0",
          "Microsoft.TestPlatform.TestHost": "17.12.0"
        }
      },
      "xunit": {
        "type": "Direct",
        "requested": "[2.9.3, )",
        "resolved": "2.9.3",
        "contentHash": "TlXQBinK35LpOPKHAqbLY4xlEen9TBafjs0V5KnA4wZsoQLQJiirCR4CbIXvOH8NzkW4YeJKP5P/Bnrodm0h9Q==",
        "dependencies": {
          "xunit.analyzers": "1.18.0",
          "xunit.assert": "2.9.3",
          "xunit.core": "[2.9.3]"
        }
      },
      "xunit.runner.visualstudio": {
        "type": "Direct",
        "requested": "[3.0.1, )",
        "resolved": "3.0.1",
        "contentHash": "lbyYtsBxA8Pz8kaf5Xn/Mj1mL9z2nlBWdZhqFaj66nxXBa4JwiTDm4eGcpSMet6du9TOWI6bfha+gQR6+IHawg=="
      },
      "Microsoft.CodeCoverage": {
        "type": "Transitive",
        "resolved": "17.12.0",
        "contentHash": "4svMznBd5JM21JIG2xZKGNanAHNXplxf/kQDFfLHXQ3OnpJkayRK/TjacFjA+EYmoyuNXHo/sOETEfcYtAzIrA=="
      },
      "Microsoft.Data.Sqlite.Core": {
        "type": "Transitive",
        "resolved": "10.0.7",
        "contentHash": "xVrtBg3M1wJlBDkoT0dXEYB/wSc8bIHJPYtw/bu1AqpWgF79uPSs87DAhERR/Ilumre6TKZa1cjMg3VUUObVLA==",
        "dependencies": {
          "SQLitePCLRaw.core": "2.1.11"
        }
      },
      "Microsoft.EntityFrameworkCore": {
        "type": "Transitive",
        "resolved": "10.0.7",
        "contentHash": "G6yclVO5/csPzzsymV0SemY2NDqE31CP5M3jprF5IuO9wJsh4aUOfYD8HCLuDmM1D1CfReegVic48O2r79d46Q==",
        "dependencies": {
          "Microsoft.EntityFrameworkCore.Abstractions": "10.0.7",
          "Microsoft.EntityFrameworkCore.Analyzers": "10.0.7",
          "Microsoft.Extensions.Caching.Memory": "10.0.7",
          "Microsoft.Extensions.Logging": "10.0.7"
        }
      },
      "Microsoft.EntityFrameworkCore.Abstractions": {
        "type": "Transitive",
        "resolved": "10.0.7",
        "contentHash": "TuxExnfIS/bSq3z2CbH0LwZH1oyj9iHhSGneU4fpxl3ikjZGZdSae9gcfnImV1rufH8f/ab1NnHwyL2BLyeZOg=="
      },
      "Microsoft.EntityFrameworkCore.Analyzers": {
        "type": "Transitive",
        "resolved": "10.0.7",
        "contentHash": "eZnMyiJzo249Ejg5CaFScvJS0u7neQfS9DXknAHTO6FHVMM99gO0byNXHGZmA/BOkZ13ngeVziQLHTMOtgescg=="
      },
      "Microsoft.EntityFrameworkCore.Relational": {
        "type": "Transitive",
        "resolved": "10.0.7",
        "contentHash": "midwPufIwXhOJcVhaZpCZGNbjy2QoPfHI+70nw2dGcoULEW9DybMvMPYkRjOJV0eI46a1oVFhU4lFYDEx6YUbg==",
        "dependencies": {
          "Microsoft.EntityFrameworkCore": "10.0.7",
          "Microsoft.Extensions.Caching.Memory": "10.0.7",
          "Microsoft.Extensions.Configuration.Abstractions": "10.0.7",
          "Microsoft.Extensions.Logging": "10.0.7"
        }
      },
      "Microsoft.EntityFrameworkCore.Sqlite.Core": {
        "type": "Transitive",
        "resolved": "10.0.7",
        "contentHash": "XVjGSW98Z/f3nFZsZILL/tntgM8i2hxUDUB4Nzt7ZvJ63MczC/VG4zjQh+m+q88SU+IJBUDipJJpkYBU57YWXg==",
        "dependencies": {
          "Microsoft.Data.Sqlite.Core": "10.0.7",
          "Microsoft.EntityFrameworkCore.Relational": "10.0.7",
          "Microsoft.Extensions.Caching.Memory": "10.0.7",
          "Microsoft.Extensions.Configuration.Abstractions": "10.0.7",
          "Microsoft.Extensions.DependencyModel": "10.0.7",
          "Microsoft.Extensions.Logging": "10.0.7",
          "SQLitePCLRaw.core": "2.1.11"
        }
      },
      "Microsoft.Extensions.Caching.Abstractions": {
        "type": "Transitive",
        "resolved": "10.0.7",
        "contentHash": "pUDgQKEqNUFlerDIFRg7zzoDVRPEWIG7nR40h8Gzg8RXza4Ry0lWZ7u91bmwu3iUDCxw3Dv6TLHVFoAgY0gy7Q==",
        "dependencies": {
          "Microsoft.Extensions.Primitives": "10.0.7"
        }
      },
      "Microsoft.Extensions.Caching.Memory": {
        "type": "Transitive",
        "resolved": "10.0.7",
        "contentHash": "6eULH/sc97yfCEV31g7AgUzHc7dIm0DGBcofoE8GgBaXbdAPPhathN8rYcgi1TSiG1QucCdqKiVNaDEPAEXL5Q==",
        "dependencies": {
          "Microsoft.Extensions.Caching.Abstractions": "10.0.7",
          "Microsoft.Extensions.DependencyInjection.Abstractions": "10.0.7",
          "Microsoft.Extensions.Logging.Abstractions": "10.0.7",
          "Microsoft.Extensions.Options": "10.0.7",
          "Microsoft.Extensions.Primitives": "10.0.7"
        }
      },
      "Microsoft.Extensions.Configuration.Abstractions": {
        "type": "Transitive",
        "resolved": "10.0.7",
        "contentHash": "t56nEgvECcyLPojZIUFWJknQQDAbgfTf9J+QMYJE1YYvVgz69vN6B/AKL8Grvj3Lcnp8kTpNqwmwFhb3YLJmtQ==",
        "dependencies": {
          "Microsoft.Extensions.Primitives": "10.0.7"
        }
      },
      "Microsoft.Extensions.DependencyInjection": {
        "type": "Transitive",
        "resolved": "10.0.7",
        "contentHash": "91F/o3emPV/+xY/ip3s2LqDNF14kjttlVtq0BXgg6p4MnCzeSZxnUJm+t6WRrtD3JdGo88/oX+z7OwK4y8PZuw==",
        "dependencies": {
          "Microsoft.Extensions.DependencyInjection.Abstractions": "10.0.7"
        }
      },
      "Microsoft.Extensions.DependencyInjection.Abstractions": {
        "type": "Transitive",
        "resolved": "10.0.7",
        "contentHash": "Z6mfFEaFcwCfSboxJwOLfu7/31npCY9q70WUamHW/vRQhDvBKOT4Vf9YkZj5J6hLvJpb0oDEYfHunQZj0xxvKw=="
      },
      "Microsoft.Extensions.DependencyModel": {
        "type": "Transitive",
        "resolved": "10.0.7",
        "contentHash": "gCglFg/9Chu3lyJNytRuQAYM3mXQKNs1i01Cz2bc545QaHQ+LbBb4O5UCfu968Gro3ZVSOZ/ktilmPcaUSGSZA=="
      },
      "Microsoft.Extensions.Logging": {
        "type": "Transitive",
        "resolved": "10.0.7",
        "contentHash": "hOeRIQ63GkgiYCB/MIFp+LQs8aXpJXpB55t6Aj37ab7t2/6WeFcPXxYM9hdy/o5tffzwf8mhqzLJP6mjGYCxjw==",
        "dependencies": {
          "Microsoft.Extensions.DependencyInjection": "10.0.7",
          "Microsoft.Extensions.Logging.Abstractions": "10.0.7",
          "Microsoft.Extensions.Options": "10.0.7"
        }
      },
      "Microsoft.Extensions.Logging.Abstractions": {
        "type": "Transitive",
        "resolved": "10.0.7",
        "contentHash": "tIEcQ2gvERrH2KiCjdsVcHGhXt9lIsuDStfOIeZWr7/fP8IXhGiYfx0/80PNI7WPO2IYuFtlZLSlnTS8+/Mchw==",
        "dependencies": {
          "Microsoft.Extensions.DependencyInjection.Abstractions": "10.0.7"
        }
      },
      "Microsoft.Extensions.Options": {
        "type": "Transitive",
        "resolved": "10.0.7",
        "contentHash": "00SHUGTh2jSMvIr6x9Xwd2nE+B5/qFCO/9hDwUDhJsjYRDlADmaBZ7tqehXzBDsfjHSXJzuRHJzPYPPjphBQ7Q==",
        "dependencies": {
          "Microsoft.Extensions.DependencyInjection.Abstractions": "10.0.7",
          "Microsoft.Extensions.Primitives": "10.0.7"
        }
      },
      "Microsoft.Extensions.Primitives": {
        "type": "Transitive",
        "resolved": "10.0.7",
        "contentHash": "D5M0Jr551iTgwkZMN9rm0pSkgNLj5quUWQUmQPMZh7k/bnvZTnXRGfE2KuvXf1EEjt/ofD9yw9IumpgdP9QCnw=="
      },
      "Microsoft.IdentityModel.Abstractions": {
        "type": "Transitive",
        "resolved": "8.14.0",
        "contentHash": "iwbCpSjD3ehfTwBhtSNEtKPK0ICun6ov7Ibx6ISNA9bfwIyzI2Siwyi9eJFCJBwxowK9xcA1mj+jBWiigeqgcQ=="
      },
      "Microsoft.IdentityModel.JsonWebTokens": {
        "type": "Transitive",
        "resolved": "8.14.0",
        "contentHash": "4jOpiA4THdtpLyMdAb24dtj7+6GmvhOhxf5XHLYWmPKF8ApEnApal1UnJsKO4HxUWRXDA6C4WQVfYyqsRhpNpQ==",
        "dependencies": {
          "Microsoft.IdentityModel.Tokens": "8.14.0"
        }
      },
      "Microsoft.IdentityModel.Logging": {
        "type": "Transitive",
        "resolved": "8.14.0",
        "contentHash": "eqqnemdW38CKZEHS6diA50BV94QICozDZEvSrsvN3SJXUFwVB9gy+/oz76gldP7nZliA16IglXjXTCTdmU/Ejg==",
        "dependencies": {
          "Microsoft.IdentityModel.Abstractions": "8.14.0"
        }
      },
      "Microsoft.IdentityModel.Tokens": {
        "type": "Transitive",
        "resolved": "8.14.0",
        "contentHash": "lKIZiBiGd36k02TCdMHp1KlNWisyIvQxcYJvIkz7P4gSQ9zi8dgh6S5Grj8NNG7HWYIPfQymGyoZ6JB5d1Lo1g==",
        "dependencies": {
          "Microsoft.Extensions.Logging.Abstractions": "8.0.0",
          "Microsoft.IdentityModel.Logging": "8.14.0"
        }
      },
      "Microsoft.TestPlatform.ObjectModel": {
        "type": "Transitive",
        "resolved": "17.12.0",
        "contentHash": "TDqkTKLfQuAaPcEb3pDDWnh7b3SyZF+/W9OZvWFp6eJCIiiYFdSB6taE2I6tWrFw5ywhzOb6sreoGJTI6m3rSQ=="
      },
      "Microsoft.TestPlatform.TestHost": {
        "type": "Transitive",
        "resolved": "17.12.0",
        "contentHash": "MiPEJQNyADfwZ4pJNpQex+t9/jOClBGMiCiVVFuELCMSX2nmNfvUor3uFVxNNCg30uxDP8JDYfPnMXQzsfzYyg==",
        "dependencies": {
          "Microsoft.TestPlatform.ObjectModel": "17.12.0",
          "Newtonsoft.Json": "13.0.1"
        }
      },
      "Newtonsoft.Json": {
        "type": "Transitive",
        "resolved": "13.0.1",
        "contentHash": "ppPFpBcvxdsfUonNcvITKqLl3bqxWbDCZIzDWHzjpdAHRFfZe0Dw9HmA0+za13IdyrgJwpkDTDA9fHaxOrt20A=="
      },
      "SQLitePCLRaw.core": {
        "type": "Transitive",
        "resolved": "2.1.12",
        "contentHash": "ETpNw9DY3ckWLgRRAeCHj+GKOuPi61aeczkXhgHexUvqoZBAYg8RYESE2J7O1M7+o6QbdSEZwrw9bfqztUVWXg=="
      },
      "SQLitePCLRaw.lib.e_sqlite3": {
        "type": "Transitive",
        "resolved": "2.1.12",
        "contentHash": "fWi8Dbknuhgg72fWinIdjXVaqO1hHL4YBBwVLnr7e1c9TAZwJ0QE38j9syW1hwx6HaqEVTwI+O07WPdZn8Rp0w=="
      },
      "SQLitePCLRaw.provider.e_sqlite3": {
        "type": "Transitive",
        "resolved": "2.1.12",
        "contentHash": "W3oH4XIfCzFrgUSDKHhN6N+dgzA5YHOR2VxX8GB6Qy7CyrJJgxPEG8NirgYWlPQC5P2jz2knSsexWu4tDUL33g==",
        "dependencies": {
          "SQLitePCLRaw.core": "2.1.12"
        }
      },
      "xunit.abstractions": {
        "type": "Transitive",
        "resolved": "2.0.3",
        "contentHash": "pot1I4YOxlWjIb5jmwvvQNbTrZ3lJQ+jUGkGjWE3hEFM0l5gOnBWS+H3qsex68s5cO52g+44vpGzhAt+42vwKg=="
      },
      "xunit.analyzers": {
        "type": "Transitive",
        "resolved": "1.18.0",
        "contentHash": "OtFMHN8yqIcYP9wcVIgJrq01AfTxijjAqVDy/WeQVSyrDC1RzBWeQPztL49DN2syXRah8TYnfvk035s7L95EZQ=="
      },
      "xunit.assert": {
        "type": "Transitive",
        "resolved": "2.9.3",
        "contentHash": "/Kq28fCE7MjOV42YLVRAJzRF0WmEqsmflm0cfpMjGtzQ2lR5mYVj1/i0Y8uDAOLczkL3/jArrwehfMD0YogMAA=="
      },
      "xunit.core": {
        "type": "Transitive",
        "resolved": "2.9.3",
        "contentHash": "BiAEvqGvyme19wE0wTKdADH+NloYqikiU0mcnmiNyXaF9HyHmE6sr/3DC5vnBkgsWaE6yPyWszKSPSApWdRVeQ==",
        "dependencies": {
          "xunit.extensibility.core": "[2.9.3]",
          "xunit.extensibility.execution": "[2.9.3]"
        }
      },
      "xunit.extensibility.core": {
        "type": "Transitive",
        "resolved": "2.9.3",
        "contentHash": "kf3si0YTn2a8J8eZNb+zFpwfoyvIrQ7ivNk5ZYA5yuYk1bEtMe4DxJ2CF/qsRgmEnDr7MnW1mxylBaHTZ4qErA==",
        "dependencies": {
          "xunit.abstractions": "2.0.3"
        }
      },
      "xunit.extensibility.execution": {
        "type": "Transitive",
        "resolved": "2.9.3",
        "contentHash": "yMb6vMESlSrE3Wfj7V6cjQ3S4TXdXpRqYeNEI3zsX31uTsGMJjEw6oD5F5u1cHnMptjhEECnmZSsPxB6ChZHDQ==",
        "dependencies": {
          "xunit.extensibility.core": "[2.9.3]"
        }
      },
      "core": {
        "type": "Project",
        "dependencies": {
          "ChatApp.Contracts.Http": "[0.3.0, )",
          "ChatApp.Protocol.Tcp": "[0.4.1, )"
        }
      },
      "infrastructure": {
        "type": "Project",
        "dependencies": {
          "Core": "[1.0.0, )",
          "Microsoft.EntityFrameworkCore.Sqlite": "[10.0.7, )",
          "Serilog": "[4.3.1, )",
          "System.IO.Hashing": "[10.0.7, )",
          "System.IdentityModel.Tokens.Jwt": "[8.14.0, )",
          "System.Security.Cryptography.ProtectedData": "[10.0.0, )"
        }
      },
      "ChatApp.Contracts.Http": {
        "type": "CentralTransitive",
        "requested": "[0.3.0, )",
        "resolved": "0.3.0",
        "contentHash": "vycL6+N0x/BDaja1O9RA697CNR5CtTMDqNZB9W8PobIC3azZdnqYq8ocMG8Gxzkhmkdv20sYB98nxAVf6dNKhA=="
      },
      "ChatApp.Protocol.Tcp": {
        "type": "CentralTransitive",
        "requested": "[0.4.1, )",
        "resolved": "0.4.1",
        "contentHash": "x9EjK2SjPEolTIQjYUYESjHTDFO+EY+oYf97ufdvkAeUlDcI/O8r6EIUfLhI3sgeN95r8+45KjHpYVgUqxGP7w=="
      },
      "Microsoft.EntityFrameworkCore.Sqlite": {
        "type": "CentralTransitive",
        "requested": "[10.0.7, )",
        "resolved": "10.0.7",
        "contentHash": "0cnk9Chkuz2Jc6pbXRqdjy2CMAi62q4dJhvJzG25iCIvbavUYLxk/5ukwM+mzOl7ADN88WPmY1Lx1cAH2g8QSA==",
        "dependencies": {
          "Microsoft.EntityFrameworkCore.Sqlite.Core": "10.0.7",
          "Microsoft.Extensions.Caching.Memory": "10.0.7",
          "Microsoft.Extensions.Configuration.Abstractions": "10.0.7",
          "Microsoft.Extensions.DependencyModel": "10.0.7",
          "Microsoft.Extensions.Logging": "10.0.7",
          "SQLitePCLRaw.bundle_e_sqlite3": "2.1.11",
          "SQLitePCLRaw.core": "2.1.11"
        }
      },
      "Serilog": {
        "type": "CentralTransitive",
        "requested": "[4.3.1, )",
        "resolved": "4.3.1",
        "contentHash": "savYe7h5yRlkqBVOwP8cIRDOdqKiPmYCU4W87JH38sBmcKD5EBoXvQIw6bNEvZ/pTe1gsiye3VFCzBsoppGkXQ=="
      },
      "SQLitePCLRaw.bundle_e_sqlite3": {
        "type": "CentralTransitive",
        "requested": "[2.1.12, )",
        "resolved": "2.1.12",
        "contentHash": "mAgscpQMLw5/nfA1Q5oJVAT29yROUo1ifZGbbTpx/lwZpSxMUGoYbKfmvdm8oXER+RzxqBmmQzeBEVKfeHv2nw==",
        "dependencies": {
          "SQLitePCLRaw.lib.e_sqlite3": "2.1.12",
          "SQLitePCLRaw.provider.e_sqlite3": "2.1.12"
        }
      },
      "System.IdentityModel.Tokens.Jwt": {
        "type": "CentralTransitive",
        "requested": "[8.14.0, )",
        "resolved": "8.14.0",
        "contentHash": "EYGgN/S+HK7S6F3GaaPLFAfK0UzMrkXFyWCvXpQWFYmZln3dqtbyIO7VuTM/iIIPMzkelg8ZLlBPvMhxj6nOAA==",
        "dependencies": {
          "Microsoft.IdentityModel.JsonWebTokens": "8.14.0",
          "Microsoft.IdentityModel.Tokens": "8.14.0"
        }
      },
      "System.IO.Hashing": {
        "type": "CentralTransitive",
        "requested": "[10.0.7, )",
        "resolved": "10.0.7",
        "contentHash": "6hsjdSr4VOXSOnhALkYplHpAxnTG1J33YN42IB6nH2fEg4QnJqrZ4Ft+qn7mkrKAOYC8pCSFYwVWw6rQbmwgLQ=="
      },
      "System.Security.Cryptography.ProtectedData": {
        "type": "CentralTransitive",
        "requested": "[10.0.0, )",
        "resolved": "10.0.0",
        "contentHash": "qy6C3gQRTrfhFfuiIYU1jNwWfFdJpBVo1BARW7jgMm1zTEm3LRzLLyOLJGaAuKE+nZCGkEP71y4rj9NWjqLGdQ=="
      }
    }
  }
}