{
  "version": 2,
  "dependencies": {
    "net10.0": {
      "ChatApp.Contracts.Http": {
        "type": "Direct",
        "requested": "[0.3.0, )",
        "resolved": "0.3.0",
        "contentHash": "vycL6+N0x/BDaja1O9RA697CNR5CtTMDqNZB9W8PobIC3azZdnqYq8ocMG8Gxzkhmkdv20sYB98nxAVf6dNKhA=="
      },
      "ChatApp.Protocol.Tcp": {
        "type": "Direct",
        "requested": "[0.4.1, )",
        "resolved": "0.4.1",
        "contentHash": "x9EjK2SjPEolTIQjYUYESjHTDFO+EY+oYf97ufdvkAeUlDcI/O8r6EIUfLhI3sgeN95r8+45KjHpYVgUqxGP7w=="
      }
    }
  }
}