{
  "version": 2,
  "dependencies": {
    "net10.0": {
      "ChatApp.Contracts.Http": {
        "type": "Direct",
        "requested": "[0.5.5, )",
        "resolved": "0.5.5",
        "contentHash": "dll0UBe/rMWLTr2yL9xBCvvwhLt3bDQfEJgF40tvvxM7esSNgrYZ7Du0FaZe81UWtTGzr5KMWkmrFamGGi6w2w=="
      },
      "ChatApp.Protocol.Tcp": {
        "type": "Direct",
        "requested": "[0.5.7, )",
        "resolved": "0.5.7",
        "contentHash": "oSYZHNF3m0Jr4UIfuTm0tZMjOPZ5WWkjeFXkil9hFO9/vuZZeWZW9UQnXX3ZVU/u/juVQbLp3cCdd2/5807DFw=="
      },
      "ChatApp.Protocol.Tcp.Binary.Schemas": {
        "type": "Direct",
        "requested": "[0.5.7, )",
        "resolved": "0.5.7",
        "contentHash": "B60xuko72ZAN7Uyk+WDt+L4U+VHZUgjGFfX5fh1baTYZphiqzA9+LWswVpofE2c34dmbFBYQiGmZHSZSQyE5qg==",
        "dependencies": {
          "ChatApp.Binary.Core": "0.5.7",
          "ChatApp.Protocol.Tcp": "0.5.7",
          "ChatApp.Protocol.Tcp.Binary": "0.5.7"
        }
      },
      "ChatApp.Binary.Core": {
        "type": "CentralTransitive",
        "requested": "[0.5.7, )",
        "resolved": "0.5.7",
        "contentHash": "bXlYmVNXSbqt2u5PGMIDKw0MJ7gcyLpj0gMlty7vYTPw9rx3XAW/0F+bv7UdffSd/qkkfBPnir2+qcib/iDzyA=="
      },
      "ChatApp.Protocol.Tcp.Binary": {
        "type": "CentralTransitive",
        "requested": "[0.5.7, )",
        "resolved": "0.5.7",
        "contentHash": "dLBGzL/XHySI6zPfLN/FWxr5FPOdz/MRlnC0wH8gxR9jVU+xfviXXFKz2fregb4pCaRM8T2vWToUBmnwfu2H1Q==",
        "dependencies": {
          "ChatApp.Binary.Core": "0.5.7"
        }
      }
    }
  }
}